{
  "name": "gourmetgame",
  "version": "1.0.0",
  "lockfileVersion": 1,
  "requires": true,
  "dependencies": {
    "dialog-node": {
      "version": "0.2.1",
      "resolved": "https://registry.npmjs.org/dialog-node/-/dialog-node-0.2.1.tgz",
      "integrity": "sha512-4Uy3zICGvc8+NPUC4mubLumzT/BNF2oeo+7yrN0uo5sOL+64PQXcaekLviU0Q8o8ZujZ9oTYN3X1S6T2C4K2tQ=="
    }
  }
}
